
Microsoft Visual Studio Solution File, Format Version 12.00
# Visual Studio Version 17
VisualStudioVersion = 17.5.33414.496
MinimumVisualStudioVersion = 10.0.40219.1
Project("{9A19103F-16F7-4668-BE54-9A1E7A4F7556}") = "API_JWT_Project", "TestApiJWT\API_JWT_Project.csproj", "{1844ECEE-39F7-46F5-8CCB-874BF14066AF}"
EndProject
Global
	GlobalSection(SolutionConfigurationPlatforms) = preSolution
		Debug|Any CPU = Debug|Any CPU
		Release|Any CPU = Release|Any CPU
	EndGlobalSection
	GlobalSection(ProjectConfigurationPlatforms) = postSolution
		{1844ECEE-39F7-46F5-8CCB-874BF14066AF}.Debug|Any CPU.ActiveCfg = Debug|Any CPU
		{1844ECEE-39F7-46F5-8CCB-874BF14066AF}.Debug|Any CPU.Build.0 = Debug|Any CPU
		{1844ECEE-39F7-46F5-8CCB-874BF14066AF}.Release|Any CPU.ActiveCfg = Release|Any CPU
		{1844ECEE-39F7-46F5-8CCB-874BF14066AF}.Release|Any CPU.Build.0 = Release|Any CPU
	EndGlobalSection
	GlobalSection(SolutionProperties) = preSolution
		HideSolutionNode = FALSE
	EndGlobalSection
	GlobalSection(ExtensibilityGlobals) = postSolution
		SolutionGuid = {A1E7C144-F0B7-402F-AE59-B4AEB8FD6575}
	EndGlobalSection
EndGlobal
